
Microsoft Visual Studio Solution File, Format Version 12.00
# Visual Studio Version 17
VisualStudioVersion = 17.4.33213.308
MinimumVisualStudioVersion = 10.0.40219.1
Project("{FAE04EC0-301F-11D3-BF4B-00C04F79EFBC}") = "RAA_Level2", "RAA_Level2\RAA_Level2.csproj", "{4A2787D9-9448-4D16-9374-4B84BED6D045}"
EndProject
Global
	GlobalSection(SolutionConfigurationPlatforms) = preSolution
		Debug|Any CPU = Debug|Any CPU
		Release|Any CPU = Release|Any CPU
	EndGlobalSection
	GlobalSection(ProjectConfigurationPlatforms) = postSolution
		{4A2787D9-9448-4D16-9374-4B84BED6D045}.Debug|Any CPU.ActiveCfg = Debug|Any CPU
		{4A2787D9-9448-4D16-9374-4B84BED6D045}.Debug|Any CPU.Build.0 = Debug|Any CPU
		{4A2787D9-9448-4D16-9374-4B84BED6D045}.Release|Any CPU.ActiveCfg = Release|Any CPU
		{4A2787D9-9448-4D16-9374-4B84BED6D045}.Release|Any CPU.Build.0 = Release|Any CPU
	EndGlobalSection
	GlobalSection(SolutionProperties) = preSolution
		HideSolutionNode = FALSE
	EndGlobalSection
	GlobalSection(ExtensibilityGlobals) = postSolution
		SolutionGuid = {5DAEB140-BBE2-4E1D-BD32-55F127C17D47}
	EndGlobalSection
EndGlobal
